{
    "version": 3,
    "terraform_version": "0.11.8",
    "serial": 78,
    "lineage": "ea90d697-713a-e5c0-4678-e5d778f86cb2",
    "modules": [
        {
            "path": [
                "root"
            ],
            "outputs": {
                "AVAILABILITY DOMAINS": {
                    "sensitive": false,
                    "type": "string",
                    "value": "qYFq:US-ASHBURN-AD-2"
                },
                "CREATED_IMAGE_ID": {
                    "sensitive": false,
                    "type": "string",
                    "value": "ocid1.image.oc1.iad.aaaaaaaannc4bqllhhazs5vepyq2nmuhwam7uebgllzqghohmne3nmjanhiq"
                },
                "buckets": {
                    "sensitive": false,
                    "type": "list",
                    "value": [
                        {
                            "access_type": "",
                            "compartment_id": "ocid1.compartment.oc1..aaaaaaaaicd454s6ezgichekbsdfiaqgbplsgp2c6oewsyt65a2djjjeo24q",
                            "created_by": "ocid1.saml2idp.oc1..aaaaaaaawwcm2cfuavozk35ghvipddqrqeeo772em52lsjv455k44vuwowxq/cloud.admin",
                            "defined_tags": {},
                            "etag": "aa6502ab-cde6-4381-aead-26094b3a756c",
                            "freeform_tags": {},
                            "metadata": {},
                            "name": "testBucket",
                            "namespace": "gse00014887",
                            "storage_tier": "",
                            "time_created": "2018-09-19 19:29:33.351 +0000 UTC"
                        }
                    ]
                },
                "compartment_id": {
                    "sensitive": false,
                    "type": "string",
                    "value": "ocid1.compartment.oc1..aaaaaaaaswqtjui2uu7xja7teqiu4hg2d2jpxyrg3kakade4b6jpwn6ltiha"
                },
                "created_bucket_name": {
                    "sensitive": false,
                    "type": "string",
                    "value": "test_barcus_bucket"
                },
                "created_object_name": {
                    "sensitive": false,
                    "type": "string",
                    "value": "test_customer_image"
                },
                "created_subnets": {
                    "sensitive": false,
                    "type": "list",
                    "value": [
                        {
                            "availability_domain": "qYFq:US-ASHBURN-AD-1",
                            "cidr_block": "10.0.1.0/24",
                            "compartment_id": "ocid1.compartment.oc1..aaaaaaaaswqtjui2uu7xja7teqiu4hg2d2jpxyrg3kakade4b6jpwn6ltiha",
                            "defined_tags": {},
                            "dhcp_options_id": "ocid1.dhcpoptions.oc1.iad.aaaaaaaabzrhtemgb3sq5rg6aln663ag3el2gw4dp5onapvdji2rghdciczq",
                            "display_name": "Test Barcus Subnet 0",
                            "dns_label": "tbarcussub1",
                            "freeform_tags": {},
                            "id": "ocid1.subnet.oc1.iad.aaaaaaaa7tb25ciq7bozirfzsna74wnfejap7jiczpeai4wwd6mekwjl4g5a",
                            "prohibit_public_ip_on_vnic": "0",
                            "route_table_id": "ocid1.routetable.oc1.iad.aaaaaaaafddiqp7tfhfovd6ebm26lcxceitmzfkdblzik2qstrmj6a42oxia",
                            "security_list_ids": [
                                "ocid1.securitylist.oc1.iad.aaaaaaaa3ffezniawcohclezjizqvcn6drchyqiqw4mn7laghribuokl7jyq"
                            ],
                            "state": "AVAILABLE",
                            "subnet_domain_name": "tbarcussub1.vcn1.oraclevcn.com",
                            "time_created": "2018-09-20 19:32:23.937 +0000 UTC",
                            "vcn_id": "ocid1.vcn.oc1.iad.aaaaaaaae4ybhvolvdym4b2wc57mwx2oed3vdsy24mvojglr4y6kei6vrr2a",
                            "virtual_router_ip": "10.0.1.1",
                            "virtual_router_mac": "00:00:17:44:FA:BF"
                        },
                        {
                            "availability_domain": "qYFq:US-ASHBURN-AD-2",
                            "cidr_block": "10.0.2.0/24",
                            "compartment_id": "ocid1.compartment.oc1..aaaaaaaaswqtjui2uu7xja7teqiu4hg2d2jpxyrg3kakade4b6jpwn6ltiha",
                            "defined_tags": {},
                            "dhcp_options_id": "ocid1.dhcpoptions.oc1.iad.aaaaaaaabzrhtemgb3sq5rg6aln663ag3el2gw4dp5onapvdji2rghdciczq",
                            "display_name": "Test Barcus Subnet 1",
                            "dns_label": "tbarcussub2",
                            "freeform_tags": {},
                            "id": "ocid1.subnet.oc1.iad.aaaaaaaaen6uo6hb74yuhrlnzxxzthl4vpruo7fepligq52gppue2otdaskq",
                            "prohibit_public_ip_on_vnic": "0",
                            "route_table_id": "ocid1.routetable.oc1.iad.aaaaaaaafddiqp7tfhfovd6ebm26lcxceitmzfkdblzik2qstrmj6a42oxia",
                            "security_list_ids": [
                                "ocid1.securitylist.oc1.iad.aaaaaaaa3ffezniawcohclezjizqvcn6drchyqiqw4mn7laghribuokl7jyq"
                            ],
                            "state": "AVAILABLE",
                            "subnet_domain_name": "tbarcussub2.vcn1.oraclevcn.com",
                            "time_created": "2018-09-20 19:32:23.613 +0000 UTC",
                            "vcn_id": "ocid1.vcn.oc1.iad.aaaaaaaae4ybhvolvdym4b2wc57mwx2oed3vdsy24mvojglr4y6kei6vrr2a",
                            "virtual_router_ip": "10.0.2.1",
                            "virtual_router_mac": "00:00:17:44:FA:BF"
                        }
                    ]
                },
                "show-ads": {
                    "sensitive": false,
                    "type": "list",
                    "value": [
                        {
                            "compartment_id": "ocid1.compartment.oc1..aaaaaaaaicd454s6ezgichekbsdfiaqgbplsgp2c6oewsyt65a2djjjeo24q",
                            "name": "qYFq:US-ASHBURN-AD-1"
                        },
                        {
                            "compartment_id": "ocid1.compartment.oc1..aaaaaaaaicd454s6ezgichekbsdfiaqgbplsgp2c6oewsyt65a2djjjeo24q",
                            "name": "qYFq:US-ASHBURN-AD-2"
                        },
                        {
                            "compartment_id": "ocid1.compartment.oc1..aaaaaaaaicd454s6ezgichekbsdfiaqgbplsgp2c6oewsyt65a2djjjeo24q",
                            "name": "qYFq:US-ASHBURN-AD-3"
                        }
                    ]
                },
                "this_tenancy": {
                    "sensitive": false,
                    "type": "string",
                    "value": "gse00014887"
                }
            },
            "resources": {
                "data.oci_identity_availability_domains.ADs": {
                    "type": "oci_identity_availability_domains",
                    "depends_on": [],
                    "primary": {
                        "id": "2018-09-21 18:07:11.702157 +0000 UTC",
                        "attributes": {
                            "availability_domains.#": "3",
                            "availability_domains.0.compartment_id": "ocid1.compartment.oc1..aaaaaaaaicd454s6ezgichekbsdfiaqgbplsgp2c6oewsyt65a2djjjeo24q",
                            "availability_domains.0.name": "qYFq:US-ASHBURN-AD-1",
                            "availability_domains.1.compartment_id": "ocid1.compartment.oc1..aaaaaaaaicd454s6ezgichekbsdfiaqgbplsgp2c6oewsyt65a2djjjeo24q",
                            "availability_domains.1.name": "qYFq:US-ASHBURN-AD-2",
                            "availability_domains.2.compartment_id": "ocid1.compartment.oc1..aaaaaaaaicd454s6ezgichekbsdfiaqgbplsgp2c6oewsyt65a2djjjeo24q",
                            "availability_domains.2.name": "qYFq:US-ASHBURN-AD-3",
                            "compartment_id": "ocid1.compartment.oc1..aaaaaaaaicd454s6ezgichekbsdfiaqgbplsgp2c6oewsyt65a2djjjeo24q",
                            "id": "2018-09-21 18:07:11.702157 +0000 UTC"
                        },
                        "meta": {},
                        "tainted": false
                    },
                    "deposed": [],
                    "provider": "provider.oci"
                },
                "data.oci_identity_tenancy.this_tenancy": {
                    "type": "oci_identity_tenancy",
                    "depends_on": [],
                    "primary": {
                        "id": "ocid1.tenancy.oc1..aaaaaaaapbugnvmpve6tpdjwgs5hs2c2j7kfydny7lmiyg6vjn6g32ptavaa",
                        "attributes": {
                            "defined_tags.%": "0",
                            "description": "gse00014887",
                            "freeform_tags.%": "0",
                            "home_region_key": "IAD",
                            "id": "ocid1.tenancy.oc1..aaaaaaaapbugnvmpve6tpdjwgs5hs2c2j7kfydny7lmiyg6vjn6g32ptavaa",
                            "name": "gse00014887",
                            "tenancy_id": "ocid1.tenancy.oc1..aaaaaaaapbugnvmpve6tpdjwgs5hs2c2j7kfydny7lmiyg6vjn6g32ptavaa"
                        },
                        "meta": {},
                        "tainted": false
                    },
                    "deposed": [],
                    "provider": "provider.oci"
                },
                "data.oci_objectstorage_bucket_summaries.buckets1": {
                    "type": "oci_objectstorage_bucket_summaries",
                    "depends_on": [
                        "data.oci_identity_tenancy.this_tenancy"
                    ],
                    "primary": {
                        "id": "2018-09-21 18:07:11.781122 +0000 UTC",
                        "attributes": {
                            "bucket_summaries.#": "1",
                            "bucket_summaries.0.access_type": "",
                            "bucket_summaries.0.compartment_id": "ocid1.compartment.oc1..aaaaaaaaicd454s6ezgichekbsdfiaqgbplsgp2c6oewsyt65a2djjjeo24q",
                            "bucket_summaries.0.created_by": "ocid1.saml2idp.oc1..aaaaaaaawwcm2cfuavozk35ghvipddqrqeeo772em52lsjv455k44vuwowxq/cloud.admin",
                            "bucket_summaries.0.defined_tags.%": "0",
                            "bucket_summaries.0.etag": "aa6502ab-cde6-4381-aead-26094b3a756c",
                            "bucket_summaries.0.freeform_tags.%": "0",
                            "bucket_summaries.0.metadata.%": "0",
                            "bucket_summaries.0.name": "testBucket",
                            "bucket_summaries.0.namespace": "gse00014887",
                            "bucket_summaries.0.storage_tier": "",
                            "bucket_summaries.0.time_created": "2018-09-19 19:29:33.351 +0000 UTC",
                            "compartment_id": "ocid1.compartment.oc1..aaaaaaaaicd454s6ezgichekbsdfiaqgbplsgp2c6oewsyt65a2djjjeo24q",
                            "id": "2018-09-21 18:07:11.781122 +0000 UTC",
                            "namespace": "gse00014887"
                        },
                        "meta": {},
                        "tainted": false
                    },
                    "deposed": [],
                    "provider": "provider.oci"
                }
            },
            "depends_on": []
        },
        {
            "path": [
                "root",
                "compute"
            ],
            "outputs": {
                "created_image_id": {
                    "sensitive": false,
                    "type": "string",
                    "value": "ocid1.image.oc1.iad.aaaaaaaannc4bqllhhazs5vepyq2nmuhwam7uebgllzqghohmne3nmjanhiq"
                }
            },
            "resources": {
                "data.oci_core_images.test_images": {
                    "type": "oci_core_images",
                    "depends_on": [],
                    "primary": {
                        "id": "2018-09-21 18:07:12.028582 +0000 UTC",
                        "attributes": {
                            "compartment_id": "ocid1.compartment.oc1..aaaaaaaaswqtjui2uu7xja7teqiu4hg2d2jpxyrg3kakade4b6jpwn6ltiha",
                            "display_name": "test_customer_image",
                            "id": "2018-09-21 18:07:12.028582 +0000 UTC",
                            "images.#": "1",
                            "images.0.base_image_id": "",
                            "images.0.compartment_id": "ocid1.compartment.oc1..aaaaaaaaswqtjui2uu7xja7teqiu4hg2d2jpxyrg3kakade4b6jpwn6ltiha",
                            "images.0.create_image_allowed": "true",
                            "images.0.defined_tags.%": "0",
                            "images.0.display_name": "test_customer_image",
                            "images.0.freeform_tags.%": "0",
                            "images.0.id": "ocid1.image.oc1.iad.aaaaaaaannc4bqllhhazs5vepyq2nmuhwam7uebgllzqghohmne3nmjanhiq",
                            "images.0.image_source_details.#": "0",
                            "images.0.instance_id": "",
                            "images.0.launch_mode": "NATIVE",
                            "images.0.launch_options.#": "1",
                            "images.0.launch_options.0.boot_volume_type": "ISCSI",
                            "images.0.launch_options.0.firmware": "UEFI_64",
                            "images.0.launch_options.0.network_type": "VFIO",
                            "images.0.launch_options.0.remote_data_volume_type": "PARAVIRTUALIZED",
                            "images.0.operating_system": "Custom",
                            "images.0.operating_system_version": "Custom",
                            "images.0.size_in_mbs": "47694",
                            "images.0.state": "AVAILABLE",
                            "images.0.time_created": "2018-09-21 15:46:11.455 +0000 UTC"
                        },
                        "meta": {},
                        "tainted": false
                    },
                    "deposed": [],
                    "provider": "provider.oci"
                },
                "oci_core_image.test_image": {
                    "type": "oci_core_image",
                    "depends_on": [],
                    "primary": {
                        "id": "ocid1.image.oc1.iad.aaaaaaaannc4bqllhhazs5vepyq2nmuhwam7uebgllzqghohmne3nmjanhiq",
                        "attributes": {
                            "compartment_id": "ocid1.compartment.oc1..aaaaaaaaswqtjui2uu7xja7teqiu4hg2d2jpxyrg3kakade4b6jpwn6ltiha",
                            "create_image_allowed": "true",
                            "defined_tags.%": "0",
                            "display_name": "test_customer_image",
                            "freeform_tags.%": "0",
                            "id": "ocid1.image.oc1.iad.aaaaaaaannc4bqllhhazs5vepyq2nmuhwam7uebgllzqghohmne3nmjanhiq",
                            "image_source_details.#": "1",
                            "image_source_details.0.bucket_name": "test_barcus_bucket",
                            "image_source_details.0.namespace_name": "gse00014887",
                            "image_source_details.0.object_name": "test_customer_image",
                            "image_source_details.0.source_image_type": "",
                            "image_source_details.0.source_type": "objectStorageTuple",
                            "image_source_details.0.source_uri": "",
                            "launch_mode": "NATIVE",
                            "launch_options.#": "1",
                            "launch_options.0.boot_volume_type": "ISCSI",
                            "launch_options.0.firmware": "UEFI_64",
                            "launch_options.0.network_type": "VFIO",
                            "launch_options.0.remote_data_volume_type": "PARAVIRTUALIZED",
                            "operating_system": "Custom",
                            "operating_system_version": "Custom",
                            "size_in_mbs": "47694",
                            "state": "AVAILABLE",
                            "time_created": "2018-09-21 15:46:11.455 +0000 UTC"
                        },
                        "meta": {
                            "e2bfb730-ecaa-11e6-8f88-34363bc7c4c0": {
                                "create": 7200000000000,
                                "delete": 7200000000000,
                                "update": 7200000000000
                            }
                        },
                        "tainted": false
                    },
                    "deposed": [],
                    "provider": "provider.oci"
                },
                "oci_core_instance.TFInstance": {
                    "type": "oci_core_instance",
                    "depends_on": [],
                    "primary": {
                        "id": "ocid1.instance.oc1.iad.abuwcljtnj65phufcv33lwdirg7eghcjqjgjzby7yihm6kl4vi7xuy5bttoa",
                        "attributes": {
                            "availability_domain": "qYFq:US-ASHBURN-AD-2",
                            "boot_volume_id": "ocid1.bootvolume.oc1.iad.abuwcljtv4hitzy4pnn3tjdpzl65gxijwqxsr3ol5omb5epg5xlzpnynioaq",
                            "compartment_id": "ocid1.compartment.oc1..aaaaaaaaswqtjui2uu7xja7teqiu4hg2d2jpxyrg3kakade4b6jpwn6ltiha",
                            "create_vnic_details.#": "1",
                            "create_vnic_details.0.assign_public_ip": "true",
                            "create_vnic_details.0.defined_tags.%": "0",
                            "create_vnic_details.0.display_name": "primaryvnic",
                            "create_vnic_details.0.freeform_tags.%": "0",
                            "create_vnic_details.0.hostname_label": "testinstance0",
                            "create_vnic_details.0.private_ip": "10.0.2.2",
                            "create_vnic_details.0.skip_source_dest_check": "false",
                            "create_vnic_details.0.subnet_id": "ocid1.subnet.oc1.iad.aaaaaaaaen6uo6hb74yuhrlnzxxzthl4vpruo7fepligq52gppue2otdaskq",
                            "defined_tags.%": "0",
                            "display_name": "Test_Instance0",
                            "fault_domain": "FAULT-DOMAIN-1",
                            "freeform_tags.%": "0",
                            "hostname_label": "testinstance0",
                            "id": "ocid1.instance.oc1.iad.abuwcljtnj65phufcv33lwdirg7eghcjqjgjzby7yihm6kl4vi7xuy5bttoa",
                            "image": "ocid1.image.oc1.iad.aaaaaaaannc4bqllhhazs5vepyq2nmuhwam7uebgllzqghohmne3nmjanhiq",
                            "launch_mode": "NATIVE",
                            "launch_options.#": "1",
                            "launch_options.0.boot_volume_type": "ISCSI",
                            "launch_options.0.firmware": "UEFI_64",
                            "launch_options.0.network_type": "VFIO",
                            "launch_options.0.remote_data_volume_type": "PARAVIRTUALIZED",
                            "metadata.%": "1",
                            "metadata.ssh_authorized_keys": "ssh-rsa AAAAB3NzaC1yc2EAAAADAQABAAACAQDLJQ18WzvvFxidENiyEECs0Gw8o5T7e+py8juaY6/R4BNwhg9GD4u/h0TLb8Lxg5pjhbGx6/IaXEsBmzSVg7kMutJDU9j1EBkXGsjBCAAQZ6VHrEvHXAVVCzbmhCkAS5Z6uW+OCjGkyjXccI8JjtRuElb/hFjRdXhApU0Q4gWjH3YDo9SpKiNGKArIR6y0QbtYLiZKVgwCLH5/vR/hXrmV01FYldrAgSwOU4AnaVqXltl1M0vrJ8/OV/irJtHhD2Qzuilh4Gz8Xz1nkHfMvNB0L+WUYyfovCI/EYDz28k9hcFXfrMuSej0L45ddtfOryfFgDp93p5WW5+jrcEZAAdd9HBgNf+lQ32HZtWSXJXUhWcfwR8SEIwB0B7L4ovUHbi5Dkj7cFeMc5K6wSKKQPuHnr8O+bbevjuvuoYvdWIB0fW+/YYduqpL17+XpTk+83mE9fLnK6/WHlQruwZds1p/ggBvw/F2TIbMmQxKaxZNO2VeC9eQMTX6jA5p+ct69xzMcZmfUiJc/8D2+MDpyA+39ifTg4boL8YBGimkFFOLphZVojcRVd73aoMTSqsdRyWLkb95OpRuHw10yBtgxVkEWnmkdph5Y5xVHoYxf0kN9opfWWd4lSzR52iJbTpLy8bczeQUEfAjMRaPpjSXuwoBK5bi1KJaKbjSs3Xjr+NLOQ== barcus.j@gmail.com",
                            "private_ip": "10.0.2.2",
                            "public_ip": "129.213.52.53",
                            "region": "iad",
                            "shape": "VM.Standard1.1",
                            "source_details.#": "1",
                            "source_details.0.boot_volume_size_in_gbs": "47",
                            "source_details.0.source_id": "ocid1.image.oc1.iad.aaaaaaaannc4bqllhhazs5vepyq2nmuhwam7uebgllzqghohmne3nmjanhiq",
                            "source_details.0.source_type": "image",
                            "state": "RUNNING",
                            "subnet_id": "ocid1.subnet.oc1.iad.aaaaaaaaen6uo6hb74yuhrlnzxxzthl4vpruo7fepligq52gppue2otdaskq",
                            "time_created": "2018-09-21 18:07:14.361 +0000 UTC"
                        },
                        "meta": {
                            "e2bfb730-ecaa-11e6-8f88-34363bc7c4c0": {
                                "create": 3600000000000,
                                "delete": 7200000000000,
                                "update": 7200000000000
                            }
                        },
                        "tainted": false
                    },
                    "deposed": [],
                    "provider": "provider.oci"
                }
            },
            "depends_on": []
        },
        {
            "path": [
                "root",
                "create_compartment"
            ],
            "outputs": {
                "compartment_id": {
                    "sensitive": false,
                    "type": "string",
                    "value": "ocid1.compartment.oc1..aaaaaaaaswqtjui2uu7xja7teqiu4hg2d2jpxyrg3kakade4b6jpwn6ltiha"
                }
            },
            "resources": {
                "data.oci_identity_compartments.compartments1": {
                    "type": "oci_identity_compartments",
                    "depends_on": [
                        "oci_identity_compartment.compartment1"
                    ],
                    "primary": {
                        "id": "2018-09-21 18:07:11.778907 +0000 UTC",
                        "attributes": {
                            "compartment_id": "ocid1.tenancy.oc1..aaaaaaaapbugnvmpve6tpdjwgs5hs2c2j7kfydny7lmiyg6vjn6g32ptavaa",
                            "compartments.#": "1",
                            "compartments.0.compartment_id": "ocid1.tenancy.oc1..aaaaaaaapbugnvmpve6tpdjwgs5hs2c2j7kfydny7lmiyg6vjn6g32ptavaa",
                            "compartments.0.defined_tags.%": "0",
                            "compartments.0.description": "compartment created by terraform",
                            "compartments.0.freeform_tags.%": "0",
                            "compartments.0.id": "ocid1.compartment.oc1..aaaaaaaaswqtjui2uu7xja7teqiu4hg2d2jpxyrg3kakade4b6jpwn6ltiha",
                            "compartments.0.inactive_state": "",
                            "compartments.0.name": "test-barcus-customer-migration",
                            "compartments.0.state": "ACTIVE",
                            "compartments.0.time_created": "2018-09-20 16:08:50.447 +0000 UTC",
                            "compartments.0.time_modified": "",
                            "filter.#": "1",
                            "filter.2965963421.name": "name",
                            "filter.2965963421.regex": "false",
                            "filter.2965963421.values.#": "1",
                            "filter.2965963421.values.0": "test-barcus-customer-migration",
                            "id": "2018-09-21 18:07:11.778907 +0000 UTC"
                        },
                        "meta": {},
                        "tainted": false
                    },
                    "deposed": [],
                    "provider": "provider.oci"
                },
                "oci_identity_compartment.compartment1": {
                    "type": "oci_identity_compartment",
                    "depends_on": [],
                    "primary": {
                        "id": "ocid1.compartment.oc1..aaaaaaaaswqtjui2uu7xja7teqiu4hg2d2jpxyrg3kakade4b6jpwn6ltiha",
                        "attributes": {
                            "compartment_id": "ocid1.tenancy.oc1..aaaaaaaapbugnvmpve6tpdjwgs5hs2c2j7kfydny7lmiyg6vjn6g32ptavaa",
                            "defined_tags.%": "0",
                            "description": "compartment created by terraform",
                            "freeform_tags.%": "0",
                            "id": "ocid1.compartment.oc1..aaaaaaaaswqtjui2uu7xja7teqiu4hg2d2jpxyrg3kakade4b6jpwn6ltiha",
                            "name": "test-barcus-customer-migration",
                            "state": "ACTIVE",
                            "time_created": "2018-09-20 16:08:50.447 +0000 UTC"
                        },
                        "meta": {
                            "e2bfb730-ecaa-11e6-8f88-34363bc7c4c0": {
                                "create": 900000000000,
                                "delete": 900000000000,
                                "update": 900000000000
                            }
                        },
                        "tainted": false
                    },
                    "deposed": [],
                    "provider": "provider.oci"
                }
            },
            "depends_on": []
        },
        {
            "path": [
                "root",
                "object_storage"
            ],
            "outputs": {
                "buckets": {
                    "sensitive": false,
                    "type": "list",
                    "value": [
                        {
                            "access_type": "",
                            "compartment_id": "ocid1.compartment.oc1..aaaaaaaaswqtjui2uu7xja7teqiu4hg2d2jpxyrg3kakade4b6jpwn6ltiha",
                            "created_by": "ocid1.user.oc1..aaaaaaaalfvh4cj3edjzlpwghtapfyk6sptuwapzkjr5cuzybaigly5rk4kq",
                            "defined_tags": {},
                            "etag": "883f2656-b436-41e2-a583-1cdf54bb793f",
                            "freeform_tags": {},
                            "metadata": {},
                            "name": "test_barcus_bucket",
                            "namespace": "gse00014887",
                            "storage_tier": "",
                            "time_created": "2018-09-21 14:14:09.215 +0000 UTC"
                        }
                    ]
                },
                "created_bucket_name": {
                    "sensitive": false,
                    "type": "string",
                    "value": "test_barcus_bucket"
                },
                "created_object_name": {
                    "sensitive": false,
                    "type": "string",
                    "value": "test_customer_image"
                },
                "namespace": {
                    "sensitive": false,
                    "type": "string",
                    "value": "gse00014887"
                },
                "namespace-metadata": {
                    "sensitive": false,
                    "type": "string",
                    "value": "  namespace = gse00014887\n  default_s3compartment_id = ocid1.compartment.oc1..aaaaaaaaswqtjui2uu7xja7teqiu4hg2d2jpxyrg3kakade4b6jpwn6ltiha\n  default_swift_compartment_id = ocid1.compartment.oc1..aaaaaaaaswqtjui2uu7xja7teqiu4hg2d2jpxyrg3kakade4b6jpwn6ltiha\n"
                },
                "namespace_name": {
                    "sensitive": false,
                    "type": "string",
                    "value": "gse00014887"
                },
                "par_request_url": {
                    "sensitive": false,
                    "type": "string",
                    "value": "https://objectstorage.us-ashburn-1.oraclecloud.com/p/OdlW0oXbmiy1mjEKPAD8Rm6qgD4PLwUKrNXHJlD_RQ8/n/gse00014887/b/test_barcus_bucket/o/test_customer_image"
                }
            },
            "resources": {
                "data.oci_objectstorage_bucket_summaries.buckets": {
                    "type": "oci_objectstorage_bucket_summaries",
                    "depends_on": [
                        "data.oci_objectstorage_namespace.ns",
                        "oci_objectstorage_bucket.bucket"
                    ],
                    "primary": {
                        "id": "2018-09-21 18:07:11.79067 +0000 UTC",
                        "attributes": {
                            "bucket_summaries.#": "1",
                            "bucket_summaries.0.access_type": "",
                            "bucket_summaries.0.compartment_id": "ocid1.compartment.oc1..aaaaaaaaswqtjui2uu7xja7teqiu4hg2d2jpxyrg3kakade4b6jpwn6ltiha",
                            "bucket_summaries.0.created_by": "ocid1.user.oc1..aaaaaaaalfvh4cj3edjzlpwghtapfyk6sptuwapzkjr5cuzybaigly5rk4kq",
                            "bucket_summaries.0.defined_tags.%": "0",
                            "bucket_summaries.0.etag": "883f2656-b436-41e2-a583-1cdf54bb793f",
                            "bucket_summaries.0.freeform_tags.%": "0",
                            "bucket_summaries.0.metadata.%": "0",
                            "bucket_summaries.0.name": "test_barcus_bucket",
                            "bucket_summaries.0.namespace": "gse00014887",
                            "bucket_summaries.0.storage_tier": "",
                            "bucket_summaries.0.time_created": "2018-09-21 14:14:09.215 +0000 UTC",
                            "compartment_id": "ocid1.compartment.oc1..aaaaaaaaswqtjui2uu7xja7teqiu4hg2d2jpxyrg3kakade4b6jpwn6ltiha",
                            "filter.#": "1",
                            "filter.1474071650.name": "name",
                            "filter.1474071650.regex": "false",
                            "filter.1474071650.values.#": "1",
                            "filter.1474071650.values.0": "test_barcus_bucket",
                            "id": "2018-09-21 18:07:11.79067 +0000 UTC",
                            "namespace": "gse00014887"
                        },
                        "meta": {},
                        "tainted": false
                    },
                    "deposed": [],
                    "provider": "provider.oci"
                },
                "data.oci_objectstorage_namespace.ns": {
                    "type": "oci_objectstorage_namespace",
                    "depends_on": [],
                    "primary": {
                        "id": "2018-09-21 18:07:11.673732 +0000 UTC",
                        "attributes": {
                            "id": "2018-09-21 18:07:11.673732 +0000 UTC",
                            "namespace": "gse00014887"
                        },
                        "meta": {},
                        "tainted": false
                    },
                    "deposed": [],
                    "provider": "provider.oci"
                },
                "data.oci_objectstorage_namespace_metadata.namespace-metadata1": {
                    "type": "oci_objectstorage_namespace_metadata",
                    "depends_on": [
                        "data.oci_objectstorage_namespace.ns"
                    ],
                    "primary": {
                        "id": "2018-09-21 18:07:11.704306 +0000 UTC",
                        "attributes": {
                            "default_s3compartment_id": "ocid1.compartment.oc1..aaaaaaaaswqtjui2uu7xja7teqiu4hg2d2jpxyrg3kakade4b6jpwn6ltiha",
                            "default_swift_compartment_id": "ocid1.compartment.oc1..aaaaaaaaswqtjui2uu7xja7teqiu4hg2d2jpxyrg3kakade4b6jpwn6ltiha",
                            "id": "2018-09-21 18:07:11.704306 +0000 UTC",
                            "namespace": "gse00014887"
                        },
                        "meta": {},
                        "tainted": false
                    },
                    "deposed": [],
                    "provider": "provider.oci"
                },
                "data.oci_objectstorage_object_head.test_object_head": {
                    "type": "oci_objectstorage_object_head",
                    "depends_on": [
                        "data.oci_objectstorage_namespace.ns"
                    ],
                    "primary": {
                        "id": "2018-09-21 18:07:11.805214 +0000 UTC",
                        "attributes": {
                            "bucket": "test_barcus_bucket",
                            "content-length": "2160787456",
                            "content-type": "application/octet-stream",
                            "content_length": "2160787456",
                            "content_type": "application/octet-stream",
                            "id": "2018-09-21 18:07:11.805214 +0000 UTC",
                            "metadata.%": "0",
                            "namespace": "gse00014887",
                            "object": "test_customer_image"
                        },
                        "meta": {},
                        "tainted": false
                    },
                    "deposed": [],
                    "provider": "provider.oci"
                },
                "oci_objectstorage_bucket.bucket": {
                    "type": "oci_objectstorage_bucket",
                    "depends_on": [
                        "data.oci_objectstorage_namespace.ns"
                    ],
                    "primary": {
                        "id": "gse00014887/test_barcus_bucket",
                        "attributes": {
                            "access_type": "NoPublicAccess",
                            "compartment_id": "ocid1.compartment.oc1..aaaaaaaaswqtjui2uu7xja7teqiu4hg2d2jpxyrg3kakade4b6jpwn6ltiha",
                            "created_by": "ocid1.user.oc1..aaaaaaaalfvh4cj3edjzlpwghtapfyk6sptuwapzkjr5cuzybaigly5rk4kq",
                            "defined_tags.%": "0",
                            "etag": "883f2656-b436-41e2-a583-1cdf54bb793f",
                            "freeform_tags.%": "0",
                            "id": "gse00014887/test_barcus_bucket",
                            "metadata.%": "0",
                            "name": "test_barcus_bucket",
                            "namespace": "gse00014887",
                            "storage_tier": "Standard",
                            "time_created": "2018-09-21 14:14:09.215 +0000 UTC"
                        },
                        "meta": {
                            "e2bfb730-ecaa-11e6-8f88-34363bc7c4c0": {
                                "create": 900000000000,
                                "delete": 900000000000,
                                "update": 900000000000
                            }
                        },
                        "tainted": false
                    },
                    "deposed": [],
                    "provider": "provider.oci"
                },
                "oci_objectstorage_namespace_metadata.namespace-metadata1": {
                    "type": "oci_objectstorage_namespace_metadata",
                    "depends_on": [
                        "data.oci_objectstorage_namespace.ns"
                    ],
                    "primary": {
                        "id": "gse00014887",
                        "attributes": {
                            "default_s3compartment_id": "ocid1.compartment.oc1..aaaaaaaaswqtjui2uu7xja7teqiu4hg2d2jpxyrg3kakade4b6jpwn6ltiha",
                            "default_swift_compartment_id": "ocid1.compartment.oc1..aaaaaaaaswqtjui2uu7xja7teqiu4hg2d2jpxyrg3kakade4b6jpwn6ltiha",
                            "id": "gse00014887",
                            "namespace": "gse00014887"
                        },
                        "meta": {
                            "e2bfb730-ecaa-11e6-8f88-34363bc7c4c0": {
                                "create": 900000000000,
                                "delete": 900000000000,
                                "update": 900000000000
                            }
                        },
                        "tainted": false
                    },
                    "deposed": [],
                    "provider": "provider.oci"
                },
                "oci_objectstorage_object.test_object": {
                    "type": "oci_objectstorage_object",
                    "depends_on": [
                        "data.oci_objectstorage_namespace.ns"
                    ],
                    "primary": {
                        "id": "tfobm-object-gse00014887/test_barcus_bucket/test_customer_image",
                        "attributes": {
                            "bucket": "test_barcus_bucket",
                            "content_length": "2160787456",
                            "content_md5": "L7qHQysxBXJAJMCXWiG3iA==-17",
                            "content_type": "application/octet-stream",
                            "id": "tfobm-object-gse00014887/test_barcus_bucket/test_customer_image",
                            "metadata.%": "0",
                            "namespace": "gse00014887",
                            "object": "test_customer_image",
                            "source": "../../../Downloads/test_customer_image 2018-09-19 15:56:11.498041267 -0400 EDT"
                        },
                        "meta": {
                            "e2bfb730-ecaa-11e6-8f88-34363bc7c4c0": {
                                "create": 900000000000,
                                "delete": 900000000000,
                                "update": 900000000000
                            }
                        },
                        "tainted": false
                    },
                    "deposed": [],
                    "provider": "provider.oci"
                },
                "oci_objectstorage_preauthrequest.object-par": {
                    "type": "oci_objectstorage_preauthrequest",
                    "depends_on": [
                        "data.oci_objectstorage_namespace.ns",
                        "oci_objectstorage_bucket.bucket",
                        "oci_objectstorage_object.test_object"
                    ],
                    "primary": {
                        "id": "eJEal8Z+fCFyhzMZJXPw6UxeEuGJsm7Ctq5gfKqWr+k=:test_customer_image",
                        "attributes": {
                            "access_type": "ObjectRead",
                            "access_uri": "/p/OdlW0oXbmiy1mjEKPAD8Rm6qgD4PLwUKrNXHJlD_RQ8/n/gse00014887/b/test_barcus_bucket/o/test_customer_image",
                            "bucket": "test_barcus_bucket",
                            "id": "eJEal8Z+fCFyhzMZJXPw6UxeEuGJsm7Ctq5gfKqWr+k=:test_customer_image",
                            "name": "image_creation",
                            "namespace": "gse00014887",
                            "object": "test_customer_image",
                            "time_created": "2018-09-21 15:22:14.191 +0000 UTC",
                            "time_expires": "2020-12-29T23:00:00Z"
                        },
                        "meta": {
                            "e2bfb730-ecaa-11e6-8f88-34363bc7c4c0": {
                                "create": 900000000000,
                                "delete": 900000000000,
                                "update": 900000000000
                            }
                        },
                        "tainted": false
                    },
                    "deposed": [],
                    "provider": "provider.oci"
                }
            },
            "depends_on": []
        },
        {
            "path": [
                "root",
                "setup_networking"
            ],
            "outputs": {
                "created_subnets": {
                    "sensitive": false,
                    "type": "list",
                    "value": [
                        {
                            "availability_domain": "qYFq:US-ASHBURN-AD-1",
                            "cidr_block": "10.0.1.0/24",
                            "compartment_id": "ocid1.compartment.oc1..aaaaaaaaswqtjui2uu7xja7teqiu4hg2d2jpxyrg3kakade4b6jpwn6ltiha",
                            "defined_tags": {},
                            "dhcp_options_id": "ocid1.dhcpoptions.oc1.iad.aaaaaaaabzrhtemgb3sq5rg6aln663ag3el2gw4dp5onapvdji2rghdciczq",
                            "display_name": "Test Barcus Subnet 0",
                            "dns_label": "tbarcussub1",
                            "freeform_tags": {},
                            "id": "ocid1.subnet.oc1.iad.aaaaaaaa7tb25ciq7bozirfzsna74wnfejap7jiczpeai4wwd6mekwjl4g5a",
                            "prohibit_public_ip_on_vnic": "0",
                            "route_table_id": "ocid1.routetable.oc1.iad.aaaaaaaafddiqp7tfhfovd6ebm26lcxceitmzfkdblzik2qstrmj6a42oxia",
                            "security_list_ids": [
                                "ocid1.securitylist.oc1.iad.aaaaaaaa3ffezniawcohclezjizqvcn6drchyqiqw4mn7laghribuokl7jyq"
                            ],
                            "state": "AVAILABLE",
                            "subnet_domain_name": "tbarcussub1.vcn1.oraclevcn.com",
                            "time_created": "2018-09-20 19:32:23.937 +0000 UTC",
                            "vcn_id": "ocid1.vcn.oc1.iad.aaaaaaaae4ybhvolvdym4b2wc57mwx2oed3vdsy24mvojglr4y6kei6vrr2a",
                            "virtual_router_ip": "10.0.1.1",
                            "virtual_router_mac": "00:00:17:44:FA:BF"
                        },
                        {
                            "availability_domain": "qYFq:US-ASHBURN-AD-2",
                            "cidr_block": "10.0.2.0/24",
                            "compartment_id": "ocid1.compartment.oc1..aaaaaaaaswqtjui2uu7xja7teqiu4hg2d2jpxyrg3kakade4b6jpwn6ltiha",
                            "defined_tags": {},
                            "dhcp_options_id": "ocid1.dhcpoptions.oc1.iad.aaaaaaaabzrhtemgb3sq5rg6aln663ag3el2gw4dp5onapvdji2rghdciczq",
                            "display_name": "Test Barcus Subnet 1",
                            "dns_label": "tbarcussub2",
                            "freeform_tags": {},
                            "id": "ocid1.subnet.oc1.iad.aaaaaaaaen6uo6hb74yuhrlnzxxzthl4vpruo7fepligq52gppue2otdaskq",
                            "prohibit_public_ip_on_vnic": "0",
                            "route_table_id": "ocid1.routetable.oc1.iad.aaaaaaaafddiqp7tfhfovd6ebm26lcxceitmzfkdblzik2qstrmj6a42oxia",
                            "security_list_ids": [
                                "ocid1.securitylist.oc1.iad.aaaaaaaa3ffezniawcohclezjizqvcn6drchyqiqw4mn7laghribuokl7jyq"
                            ],
                            "state": "AVAILABLE",
                            "subnet_domain_name": "tbarcussub2.vcn1.oraclevcn.com",
                            "time_created": "2018-09-20 19:32:23.613 +0000 UTC",
                            "vcn_id": "ocid1.vcn.oc1.iad.aaaaaaaae4ybhvolvdym4b2wc57mwx2oed3vdsy24mvojglr4y6kei6vrr2a",
                            "virtual_router_ip": "10.0.2.1",
                            "virtual_router_mac": "00:00:17:44:FA:BF"
                        }
                    ]
                }
            },
            "resources": {
                "data.oci_core_subnets.test_subnets": {
                    "type": "oci_core_subnets",
                    "depends_on": [
                        "oci_core_virtual_network.vcn"
                    ],
                    "primary": {
                        "id": "2018-09-21 18:07:12.052609 +0000 UTC",
                        "attributes": {
                            "compartment_id": "ocid1.compartment.oc1..aaaaaaaaswqtjui2uu7xja7teqiu4hg2d2jpxyrg3kakade4b6jpwn6ltiha",
                            "id": "2018-09-21 18:07:12.052609 +0000 UTC",
                            "subnets.#": "2",
                            "subnets.0.availability_domain": "qYFq:US-ASHBURN-AD-1",
                            "subnets.0.cidr_block": "10.0.1.0/24",
                            "subnets.0.compartment_id": "ocid1.compartment.oc1..aaaaaaaaswqtjui2uu7xja7teqiu4hg2d2jpxyrg3kakade4b6jpwn6ltiha",
                            "subnets.0.defined_tags.%": "0",
                            "subnets.0.dhcp_options_id": "ocid1.dhcpoptions.oc1.iad.aaaaaaaabzrhtemgb3sq5rg6aln663ag3el2gw4dp5onapvdji2rghdciczq",
                            "subnets.0.display_name": "Test Barcus Subnet 0",
                            "subnets.0.dns_label": "tbarcussub1",
                            "subnets.0.freeform_tags.%": "0",
                            "subnets.0.id": "ocid1.subnet.oc1.iad.aaaaaaaa7tb25ciq7bozirfzsna74wnfejap7jiczpeai4wwd6mekwjl4g5a",
                            "subnets.0.prohibit_public_ip_on_vnic": "false",
                            "subnets.0.route_table_id": "ocid1.routetable.oc1.iad.aaaaaaaafddiqp7tfhfovd6ebm26lcxceitmzfkdblzik2qstrmj6a42oxia",
                            "subnets.0.security_list_ids.#": "1",
                            "subnets.0.security_list_ids.0": "ocid1.securitylist.oc1.iad.aaaaaaaa3ffezniawcohclezjizqvcn6drchyqiqw4mn7laghribuokl7jyq",
                            "subnets.0.state": "AVAILABLE",
                            "subnets.0.subnet_domain_name": "tbarcussub1.vcn1.oraclevcn.com",
                            "subnets.0.time_created": "2018-09-20 19:32:23.937 +0000 UTC",
                            "subnets.0.vcn_id": "ocid1.vcn.oc1.iad.aaaaaaaae4ybhvolvdym4b2wc57mwx2oed3vdsy24mvojglr4y6kei6vrr2a",
                            "subnets.0.virtual_router_ip": "10.0.1.1",
                            "subnets.0.virtual_router_mac": "00:00:17:44:FA:BF",
                            "subnets.1.availability_domain": "qYFq:US-ASHBURN-AD-2",
                            "subnets.1.cidr_block": "10.0.2.0/24",
                            "subnets.1.compartment_id": "ocid1.compartment.oc1..aaaaaaaaswqtjui2uu7xja7teqiu4hg2d2jpxyrg3kakade4b6jpwn6ltiha",
                            "subnets.1.defined_tags.%": "0",
                            "subnets.1.dhcp_options_id": "ocid1.dhcpoptions.oc1.iad.aaaaaaaabzrhtemgb3sq5rg6aln663ag3el2gw4dp5onapvdji2rghdciczq",
                            "subnets.1.display_name": "Test Barcus Subnet 1",
                            "subnets.1.dns_label": "tbarcussub2",
                            "subnets.1.freeform_tags.%": "0",
                            "subnets.1.id": "ocid1.subnet.oc1.iad.aaaaaaaaen6uo6hb74yuhrlnzxxzthl4vpruo7fepligq52gppue2otdaskq",
                            "subnets.1.prohibit_public_ip_on_vnic": "false",
                            "subnets.1.route_table_id": "ocid1.routetable.oc1.iad.aaaaaaaafddiqp7tfhfovd6ebm26lcxceitmzfkdblzik2qstrmj6a42oxia",
                            "subnets.1.security_list_ids.#": "1",
                            "subnets.1.security_list_ids.0": "ocid1.securitylist.oc1.iad.aaaaaaaa3ffezniawcohclezjizqvcn6drchyqiqw4mn7laghribuokl7jyq",
                            "subnets.1.state": "AVAILABLE",
                            "subnets.1.subnet_domain_name": "tbarcussub2.vcn1.oraclevcn.com",
                            "subnets.1.time_created": "2018-09-20 19:32:23.613 +0000 UTC",
                            "subnets.1.vcn_id": "ocid1.vcn.oc1.iad.aaaaaaaae4ybhvolvdym4b2wc57mwx2oed3vdsy24mvojglr4y6kei6vrr2a",
                            "subnets.1.virtual_router_ip": "10.0.2.1",
                            "subnets.1.virtual_router_mac": "00:00:17:44:FA:BF",
                            "vcn_id": "ocid1.vcn.oc1.iad.aaaaaaaae4ybhvolvdym4b2wc57mwx2oed3vdsy24mvojglr4y6kei6vrr2a"
                        },
                        "meta": {},
                        "tainted": false
                    },
                    "deposed": [],
                    "provider": "provider.oci"
                },
                "data.oci_identity_availability_domains.ADs": {
                    "type": "oci_identity_availability_domains",
                    "depends_on": [],
                    "primary": {
                        "id": "2018-09-21 18:07:11.699406 +0000 UTC",
                        "attributes": {
                            "availability_domains.#": "3",
                            "availability_domains.0.compartment_id": "ocid1.tenancy.oc1..aaaaaaaapbugnvmpve6tpdjwgs5hs2c2j7kfydny7lmiyg6vjn6g32ptavaa",
                            "availability_domains.0.name": "qYFq:US-ASHBURN-AD-1",
                            "availability_domains.1.compartment_id": "ocid1.tenancy.oc1..aaaaaaaapbugnvmpve6tpdjwgs5hs2c2j7kfydny7lmiyg6vjn6g32ptavaa",
                            "availability_domains.1.name": "qYFq:US-ASHBURN-AD-2",
                            "availability_domains.2.compartment_id": "ocid1.tenancy.oc1..aaaaaaaapbugnvmpve6tpdjwgs5hs2c2j7kfydny7lmiyg6vjn6g32ptavaa",
                            "availability_domains.2.name": "qYFq:US-ASHBURN-AD-3",
                            "compartment_id": "ocid1.tenancy.oc1..aaaaaaaapbugnvmpve6tpdjwgs5hs2c2j7kfydny7lmiyg6vjn6g32ptavaa",
                            "id": "2018-09-21 18:07:11.699406 +0000 UTC"
                        },
                        "meta": {},
                        "tainted": false
                    },
                    "deposed": [],
                    "provider": "provider.oci"
                },
                "oci_core_internet_gateway.gateway": {
                    "type": "oci_core_internet_gateway",
                    "depends_on": [
                        "oci_core_virtual_network.vcn"
                    ],
                    "primary": {
                        "id": "ocid1.internetgateway.oc1.iad.aaaaaaaa6pznm5unzpziftksxjpeouei7ygki6mhfpklpfmpjhwutdkuuhqq",
                        "attributes": {
                            "compartment_id": "ocid1.compartment.oc1..aaaaaaaaswqtjui2uu7xja7teqiu4hg2d2jpxyrg3kakade4b6jpwn6ltiha",
                            "defined_tags.%": "0",
                            "display_name": "TestInternetGateway",
                            "enabled": "true",
                            "freeform_tags.%": "0",
                            "id": "ocid1.internetgateway.oc1.iad.aaaaaaaa6pznm5unzpziftksxjpeouei7ygki6mhfpklpfmpjhwutdkuuhqq",
                            "state": "AVAILABLE",
                            "time_created": "2018-09-20 19:44:35.347 +0000 UTC",
                            "vcn_id": "ocid1.vcn.oc1.iad.aaaaaaaae4ybhvolvdym4b2wc57mwx2oed3vdsy24mvojglr4y6kei6vrr2a"
                        },
                        "meta": {
                            "e2bfb730-ecaa-11e6-8f88-34363bc7c4c0": {
                                "create": 900000000000,
                                "delete": 900000000000,
                                "update": 900000000000
                            }
                        },
                        "tainted": false
                    },
                    "deposed": [],
                    "provider": "provider.oci"
                },
                "oci_core_route_table.route_table": {
                    "type": "oci_core_route_table",
                    "depends_on": [
                        "oci_core_internet_gateway.gateway",
                        "oci_core_virtual_network.vcn"
                    ],
                    "primary": {
                        "id": "ocid1.routetable.oc1.iad.aaaaaaaa3oa6p4l7odsnn7nuoanaxktbag4ef37l2gzhbr3c2xixt6wf4gla",
                        "attributes": {
                            "compartment_id": "ocid1.compartment.oc1..aaaaaaaaswqtjui2uu7xja7teqiu4hg2d2jpxyrg3kakade4b6jpwn6ltiha",
                            "defined_tags.%": "0",
                            "display_name": "RouteTable",
                            "freeform_tags.%": "0",
                            "id": "ocid1.routetable.oc1.iad.aaaaaaaa3oa6p4l7odsnn7nuoanaxktbag4ef37l2gzhbr3c2xixt6wf4gla",
                            "route_rules.#": "1",
                            "route_rules.701851982.cidr_block": "0.0.0.0/0",
                            "route_rules.701851982.destination": "0.0.0.0/0",
                            "route_rules.701851982.destination_type": "CIDR_BLOCK",
                            "route_rules.701851982.network_entity_id": "ocid1.internetgateway.oc1.iad.aaaaaaaa6pznm5unzpziftksxjpeouei7ygki6mhfpklpfmpjhwutdkuuhqq",
                            "state": "AVAILABLE",
                            "time_created": "2018-09-20 19:47:21.525 +0000 UTC",
                            "vcn_id": "ocid1.vcn.oc1.iad.aaaaaaaae4ybhvolvdym4b2wc57mwx2oed3vdsy24mvojglr4y6kei6vrr2a"
                        },
                        "meta": {
                            "e2bfb730-ecaa-11e6-8f88-34363bc7c4c0": {
                                "create": 900000000000,
                                "delete": 900000000000,
                                "update": 900000000000
                            }
                        },
                        "tainted": false
                    },
                    "deposed": [],
                    "provider": "provider.oci"
                },
                "oci_core_security_list.security_list": {
                    "type": "oci_core_security_list",
                    "depends_on": [
                        "oci_core_virtual_network.vcn"
                    ],
                    "primary": {
                        "id": "ocid1.securitylist.oc1.iad.aaaaaaaarskxngsf6ldyx3ikjxjdqoyra3hakhsvewyza4bsdsrzrm4n6b3q",
                        "attributes": {
                            "compartment_id": "ocid1.compartment.oc1..aaaaaaaaswqtjui2uu7xja7teqiu4hg2d2jpxyrg3kakade4b6jpwn6ltiha",
                            "defined_tags.%": "0",
                            "display_name": "SecurityList",
                            "egress_security_rules.#": "1",
                            "egress_security_rules.1582479153.destination": "0.0.0.0/0",
                            "egress_security_rules.1582479153.destination_type": "CIDR_BLOCK",
                            "egress_security_rules.1582479153.icmp_options.#": "0",
                            "egress_security_rules.1582479153.protocol": "all",
                            "egress_security_rules.1582479153.stateless": "false",
                            "egress_security_rules.1582479153.tcp_options.#": "0",
                            "egress_security_rules.1582479153.udp_options.#": "0",
                            "freeform_tags.%": "0",
                            "id": "ocid1.securitylist.oc1.iad.aaaaaaaarskxngsf6ldyx3ikjxjdqoyra3hakhsvewyza4bsdsrzrm4n6b3q",
                            "ingress_security_rules.#": "3",
                            "ingress_security_rules.2212126409.icmp_options.#": "0",
                            "ingress_security_rules.2212126409.protocol": "1",
                            "ingress_security_rules.2212126409.source": "0.0.0.0/0",
                            "ingress_security_rules.2212126409.source_type": "CIDR_BLOCK",
                            "ingress_security_rules.2212126409.stateless": "true",
                            "ingress_security_rules.2212126409.tcp_options.#": "0",
                            "ingress_security_rules.2212126409.udp_options.#": "0",
                            "ingress_security_rules.3879649850.icmp_options.#": "0",
                            "ingress_security_rules.3879649850.protocol": "6",
                            "ingress_security_rules.3879649850.source": "0.0.0.0/0",
                            "ingress_security_rules.3879649850.source_type": "CIDR_BLOCK",
                            "ingress_security_rules.3879649850.stateless": "true",
                            "ingress_security_rules.3879649850.tcp_options.#": "1",
                            "ingress_security_rules.3879649850.tcp_options.0.max": "22",
                            "ingress_security_rules.3879649850.tcp_options.0.min": "22",
                            "ingress_security_rules.3879649850.tcp_options.0.source_port_range.#": "0",
                            "ingress_security_rules.3879649850.udp_options.#": "0",
                            "ingress_security_rules.63198568.icmp_options.#": "0",
                            "ingress_security_rules.63198568.protocol": "6",
                            "ingress_security_rules.63198568.source": "0.0.0.0/0",
                            "ingress_security_rules.63198568.source_type": "CIDR_BLOCK",
                            "ingress_security_rules.63198568.stateless": "true",
                            "ingress_security_rules.63198568.tcp_options.#": "1",
                            "ingress_security_rules.63198568.tcp_options.0.max": "80",
                            "ingress_security_rules.63198568.tcp_options.0.min": "80",
                            "ingress_security_rules.63198568.tcp_options.0.source_port_range.#": "0",
                            "ingress_security_rules.63198568.udp_options.#": "0",
                            "state": "AVAILABLE",
                            "time_created": "2018-09-20 19:51:03.042 +0000 UTC",
                            "vcn_id": "ocid1.vcn.oc1.iad.aaaaaaaae4ybhvolvdym4b2wc57mwx2oed3vdsy24mvojglr4y6kei6vrr2a"
                        },
                        "meta": {
                            "e2bfb730-ecaa-11e6-8f88-34363bc7c4c0": {
                                "create": 900000000000,
                                "delete": 900000000000,
                                "update": 900000000000
                            }
                        },
                        "tainted": false
                    },
                    "deposed": [],
                    "provider": "provider.oci"
                },
                "oci_core_subnet.test-subnet.0": {
                    "type": "oci_core_subnet",
                    "depends_on": [
                        "oci_core_virtual_network.vcn"
                    ],
                    "primary": {
                        "id": "ocid1.subnet.oc1.iad.aaaaaaaa7tb25ciq7bozirfzsna74wnfejap7jiczpeai4wwd6mekwjl4g5a",
                        "attributes": {
                            "availability_domain": "qYFq:US-ASHBURN-AD-1",
                            "cidr_block": "10.0.1.0/24",
                            "compartment_id": "ocid1.compartment.oc1..aaaaaaaaswqtjui2uu7xja7teqiu4hg2d2jpxyrg3kakade4b6jpwn6ltiha",
                            "defined_tags.%": "0",
                            "dhcp_options_id": "ocid1.dhcpoptions.oc1.iad.aaaaaaaabzrhtemgb3sq5rg6aln663ag3el2gw4dp5onapvdji2rghdciczq",
                            "display_name": "Test Barcus Subnet 0",
                            "dns_label": "tbarcussub1",
                            "freeform_tags.%": "0",
                            "id": "ocid1.subnet.oc1.iad.aaaaaaaa7tb25ciq7bozirfzsna74wnfejap7jiczpeai4wwd6mekwjl4g5a",
                            "prohibit_public_ip_on_vnic": "false",
                            "route_table_id": "ocid1.routetable.oc1.iad.aaaaaaaafddiqp7tfhfovd6ebm26lcxceitmzfkdblzik2qstrmj6a42oxia",
                            "security_list_ids.#": "1",
                            "security_list_ids.1484050081": "ocid1.securitylist.oc1.iad.aaaaaaaa3ffezniawcohclezjizqvcn6drchyqiqw4mn7laghribuokl7jyq",
                            "state": "AVAILABLE",
                            "subnet_domain_name": "tbarcussub1.vcn1.oraclevcn.com",
                            "time_created": "2018-09-20 19:32:23.937 +0000 UTC",
                            "vcn_id": "ocid1.vcn.oc1.iad.aaaaaaaae4ybhvolvdym4b2wc57mwx2oed3vdsy24mvojglr4y6kei6vrr2a",
                            "virtual_router_ip": "10.0.1.1",
                            "virtual_router_mac": "00:00:17:44:FA:BF"
                        },
                        "meta": {
                            "e2bfb730-ecaa-11e6-8f88-34363bc7c4c0": {
                                "create": 900000000000,
                                "delete": 900000000000,
                                "update": 900000000000
                            }
                        },
                        "tainted": false
                    },
                    "deposed": [],
                    "provider": "provider.oci"
                },
                "oci_core_subnet.test-subnet.1": {
                    "type": "oci_core_subnet",
                    "depends_on": [
                        "oci_core_virtual_network.vcn"
                    ],
                    "primary": {
                        "id": "ocid1.subnet.oc1.iad.aaaaaaaaen6uo6hb74yuhrlnzxxzthl4vpruo7fepligq52gppue2otdaskq",
                        "attributes": {
                            "availability_domain": "qYFq:US-ASHBURN-AD-2",
                            "cidr_block": "10.0.2.0/24",
                            "compartment_id": "ocid1.compartment.oc1..aaaaaaaaswqtjui2uu7xja7teqiu4hg2d2jpxyrg3kakade4b6jpwn6ltiha",
                            "defined_tags.%": "0",
                            "dhcp_options_id": "ocid1.dhcpoptions.oc1.iad.aaaaaaaabzrhtemgb3sq5rg6aln663ag3el2gw4dp5onapvdji2rghdciczq",
                            "display_name": "Test Barcus Subnet 1",
                            "dns_label": "tbarcussub2",
                            "freeform_tags.%": "0",
                            "id": "ocid1.subnet.oc1.iad.aaaaaaaaen6uo6hb74yuhrlnzxxzthl4vpruo7fepligq52gppue2otdaskq",
                            "prohibit_public_ip_on_vnic": "false",
                            "route_table_id": "ocid1.routetable.oc1.iad.aaaaaaaafddiqp7tfhfovd6ebm26lcxceitmzfkdblzik2qstrmj6a42oxia",
                            "security_list_ids.#": "1",
                            "security_list_ids.1484050081": "ocid1.securitylist.oc1.iad.aaaaaaaa3ffezniawcohclezjizqvcn6drchyqiqw4mn7laghribuokl7jyq",
                            "state": "AVAILABLE",
                            "subnet_domain_name": "tbarcussub2.vcn1.oraclevcn.com",
                            "time_created": "2018-09-20 19:32:23.613 +0000 UTC",
                            "vcn_id": "ocid1.vcn.oc1.iad.aaaaaaaae4ybhvolvdym4b2wc57mwx2oed3vdsy24mvojglr4y6kei6vrr2a",
                            "virtual_router_ip": "10.0.2.1",
                            "virtual_router_mac": "00:00:17:44:FA:BF"
                        },
                        "meta": {
                            "e2bfb730-ecaa-11e6-8f88-34363bc7c4c0": {
                                "create": 900000000000,
                                "delete": 900000000000,
                                "update": 900000000000
                            }
                        },
                        "tainted": false
                    },
                    "deposed": [],
                    "provider": "provider.oci"
                },
                "oci_core_virtual_network.vcn": {
                    "type": "oci_core_virtual_network",
                    "depends_on": [],
                    "primary": {
                        "id": "ocid1.vcn.oc1.iad.aaaaaaaae4ybhvolvdym4b2wc57mwx2oed3vdsy24mvojglr4y6kei6vrr2a",
                        "attributes": {
                            "cidr_block": "10.0.0.0/16",
                            "compartment_id": "ocid1.compartment.oc1..aaaaaaaaswqtjui2uu7xja7teqiu4hg2d2jpxyrg3kakade4b6jpwn6ltiha",
                            "default_dhcp_options_id": "ocid1.dhcpoptions.oc1.iad.aaaaaaaabzrhtemgb3sq5rg6aln663ag3el2gw4dp5onapvdji2rghdciczq",
                            "default_route_table_id": "ocid1.routetable.oc1.iad.aaaaaaaafddiqp7tfhfovd6ebm26lcxceitmzfkdblzik2qstrmj6a42oxia",
                            "default_security_list_id": "ocid1.securitylist.oc1.iad.aaaaaaaa3ffezniawcohclezjizqvcn6drchyqiqw4mn7laghribuokl7jyq",
                            "defined_tags.%": "0",
                            "display_name": "test-barcus-customer-vcn1",
                            "dns_label": "vcn1",
                            "freeform_tags.%": "0",
                            "id": "ocid1.vcn.oc1.iad.aaaaaaaae4ybhvolvdym4b2wc57mwx2oed3vdsy24mvojglr4y6kei6vrr2a",
                            "state": "AVAILABLE",
                            "time_created": "2018-09-20 19:10:00.993 +0000 UTC",
                            "vcn_domain_name": "vcn1.oraclevcn.com"
                        },
                        "meta": {
                            "e2bfb730-ecaa-11e6-8f88-34363bc7c4c0": {
                                "create": 900000000000,
                                "delete": 900000000000,
                                "update": 900000000000
                            }
                        },
                        "tainted": false
                    },
                    "deposed": [],
                    "provider": "provider.oci"
                }
            },
            "depends_on": []
        }
    ]
}
